// !$*UTF8*$!
{
	archiveVersion = 1;
	classes = {
	};
	objectVersion = 46;
	objects = {

/* Begin PBXBuildFile section */
		DF10EFB9138CC3000052F226 /* DCAudioProducer.m in Sources */ = {isa = PBXBuildFile; fileRef = DF10EFB8138CC3000052F226 /* DCAudioProducer.m */; };
		DF421DA41387182B00D18ADA /* DCMediaExporter.m in Sources */ = {isa = PBXBuildFile; fileRef = DF421DA31387182B00D18ADA /* DCMediaExporter.m */; };
		DFCFFD4F1389F94000000840 /* DCFileProducer.m in Sources */ = {isa = PBXBuildFile; fileRef = DFCFFD4E1389F94000000840 /* DCFileProducer.m */; };
		DFCFFD56138A051300000840 /* DCRingBufferRecord.m in Sources */ = {isa = PBXBuildFile; fileRef = DFCFFD55138A051300000840 /* DCRingBufferRecord.m */; };
		DFCFFD59138A1C1800000840 /* DCAudioEffect.m in Sources */ = {isa = PBXBuildFile; fileRef = DFCFFD58138A1C1800000840 /* DCAudioEffect.m */; };
		DFCFFD5E138A1EF200000840 /* DCAudioEffectLowPassFilter.m in Sources */ = {isa = PBXBuildFile; fileRef = DFCFFD5D138A1EF200000840 /* DCAudioEffectLowPassFilter.m */; };
		DFCFFD61138A23FD00000840 /* DCAudioEffectMeter.m in Sources */ = {isa = PBXBuildFile; fileRef = DFCFFD60138A23FD00000840 /* DCAudioEffectMeter.m */; };
		DFF339731361EDB9009C1C21 /* UIKit.framework in Frameworks */ = {isa = PBXBuildFile; fileRef = DFF339721361EDB9009C1C21 /* UIKit.framework */; };
		DFF339751361EDB9009C1C21 /* Foundation.framework in Frameworks */ = {isa = PBXBuildFile; fileRef = DFF339741361EDB9009C1C21 /* Foundation.framework */; };
		DFF339771361EDB9009C1C21 /* CoreGraphics.framework in Frameworks */ = {isa = PBXBuildFile; fileRef = DFF339761361EDB9009C1C21 /* CoreGraphics.framework */; };
		DFF3397D1361EDB9009C1C21 /* InfoPlist.strings in Resources */ = {isa = PBXBuildFile; fileRef = DFF3397B1361EDB9009C1C21 /* InfoPlist.strings */; };
		DFF339801361EDB9009C1C21 /* main.m in Sources */ = {isa = PBXBuildFile; fileRef = DFF3397F1361EDB9009C1C21 /* main.m */; };
		DFF339831361EDB9009C1C21 /* MediaPlayerDemoAppDelegate.m in Sources */ = {isa = PBXBuildFile; fileRef = DFF339821361EDB9009C1C21 /* MediaPlayerDemoAppDelegate.m */; };
		DFF339861361EDB9009C1C21 /* MainWindow.xib in Resources */ = {isa = PBXBuildFile; fileRef = DFF339841361EDB9009C1C21 /* MainWindow.xib */; };
		DFF339891361EDB9009C1C21 /* MediaPlayerDemoViewController.m in Sources */ = {isa = PBXBuildFile; fileRef = DFF339881361EDB9009C1C21 /* MediaPlayerDemoViewController.m */; };
		DFF3398C1361EDB9009C1C21 /* MediaPlayerDemoViewController.xib in Resources */ = {isa = PBXBuildFile; fileRef = DFF3398A1361EDB9009C1C21 /* MediaPlayerDemoViewController.xib */; };
		DFF339931361EDB9009C1C21 /* UIKit.framework in Frameworks */ = {isa = PBXBuildFile; fileRef = DFF339721361EDB9009C1C21 /* UIKit.framework */; };
		DFF339941361EDB9009C1C21 /* Foundation.framework in Frameworks */ = {isa = PBXBuildFile; fileRef = DFF339741361EDB9009C1C21 /* Foundation.framework */; };
		DFF339951361EDB9009C1C21 /* CoreGraphics.framework in Frameworks */ = {isa = PBXBuildFile; fileRef = DFF339761361EDB9009C1C21 /* CoreGraphics.framework */; };
		DFF3399D1361EDB9009C1C21 /* InfoPlist.strings in Resources */ = {isa = PBXBuildFile; fileRef = DFF3399B1361EDB9009C1C21 /* InfoPlist.strings */; };
		DFF339A01361EDB9009C1C21 /* MediaPlayerDemoTests.h in Resources */ = {isa = PBXBuildFile; fileRef = DFF3399F1361EDB9009C1C21 /* MediaPlayerDemoTests.h */; };
		DFF339A21361EDB9009C1C21 /* MediaPlayerDemoTests.m in Sources */ = {isa = PBXBuildFile; fileRef = DFF339A11361EDB9009C1C21 /* MediaPlayerDemoTests.m */; };
		DFF339B41361EF74009C1C21 /* DCMediaPlayer.m in Sources */ = {isa = PBXBuildFile; fileRef = DFF339B31361EF74009C1C21 /* DCMediaPlayer.m */; };
		DFF339B91361F1D8009C1C21 /* CoreMedia.framework in Frameworks */ = {isa = PBXBuildFile; fileRef = DFF339B81361F1D8009C1C21 /* CoreMedia.framework */; };
		DFF339BB1361F1E1009C1C21 /* AudioToolbox.framework in Frameworks */ = {isa = PBXBuildFile; fileRef = DFF339BA1361F1E1009C1C21 /* AudioToolbox.framework */; };
		DFF339BD1361F1EB009C1C21 /* AVFoundation.framework in Frameworks */ = {isa = PBXBuildFile; fileRef = DFF339BC1361F1EB009C1C21 /* AVFoundation.framework */; };
		DFF339BF1361F1F5009C1C21 /* MediaPlayer.framework in Frameworks */ = {isa = PBXBuildFile; fileRef = DFF339BE1361F1F5009C1C21 /* MediaPlayer.framework */; };
		DFF339C11361F882009C1C21 /* choose-song-button.png in Resources */ = {isa = PBXBuildFile; fileRef = DFF339C01361F882009C1C21 /* choose-song-button.png */; };
		DFF339C31361FADD009C1C21 /* no-art.png in Resources */ = {isa = PBXBuildFile; fileRef = DFF339C21361FADD009C1C21 /* no-art.png */; };
/* End PBXBuildFile section */

/* Begin PBXContainerItemProxy section */
		DFF339961361EDB9009C1C21 /* PBXContainerItemProxy */ = {
			isa = PBXContainerItemProxy;
			containerPortal = DFF339651361EDB8009C1C21 /* Project object */;
			proxyType = 1;
			remoteGlobalIDString = DFF3396D1361EDB8009C1C21;
			remoteInfo = MediaPlayerDemo;
		};
/* End PBXContainerItemProxy section */

/* Begin PBXFileReference section */
		DF10EFB7138CC3000052F226 /* DCAudioProducer.h */ = {isa = PBXFileReference; fileEncoding = 4; lastKnownFileType = sourcecode.c.h; path = DCAudioProducer.h; sourceTree = "<group>"; };
		DF10EFB8138CC3000052F226 /* DCAudioProducer.m */ = {isa = PBXFileReference; fileEncoding = 4; lastKnownFileType = sourcecode.c.objc; path = DCAudioProducer.m; sourceTree = "<group>"; };
		DF421DA21387182A00D18ADA /* DCMediaExporter.h */ = {isa = PBXFileReference; fileEncoding = 4; lastKnownFileType = sourcecode.c.h; path = DCMediaExporter.h; sourceTree = "<group>"; };
		DF421DA31387182B00D18ADA /* DCMediaExporter.m */ = {isa = PBXFileReference; fileEncoding = 4; lastKnownFileType = sourcecode.c.objc; path = DCMediaExporter.m; sourceTree = "<group>"; };
		DFCFFD4D1389F94000000840 /* DCFileProducer.h */ = {isa = PBXFileReference; fileEncoding = 4; lastKnownFileType = sourcecode.c.h; path = DCFileProducer.h; sourceTree = "<group>"; };
		DFCFFD4E1389F94000000840 /* DCFileProducer.m */ = {isa = PBXFileReference; fileEncoding = 4; lastKnownFileType = sourcecode.c.objc; path = DCFileProducer.m; sourceTree = "<group>"; };
		DFCFFD54138A051300000840 /* DCRingBufferRecord.h */ = {isa = PBXFileReference; fileEncoding = 4; lastKnownFileType = sourcecode.c.h; path = DCRingBufferRecord.h; sourceTree = "<group>"; };
		DFCFFD55138A051300000840 /* DCRingBufferRecord.m */ = {isa = PBXFileReference; fileEncoding = 4; lastKnownFileType = sourcecode.c.objc; path = DCRingBufferRecord.m; sourceTree = "<group>"; };
		DFCFFD57138A1C1800000840 /* DCAudioEffect.h */ = {isa = PBXFileReference; fileEncoding = 4; lastKnownFileType = sourcecode.c.h; path = DCAudioEffect.h; sourceTree = "<group>"; };
		DFCFFD58138A1C1800000840 /* DCAudioEffect.m */ = {isa = PBXFileReference; fileEncoding = 4; lastKnownFileType = sourcecode.c.objc; path = DCAudioEffect.m; sourceTree = "<group>"; };
		DFCFFD5C138A1EF200000840 /* DCAudioEffectLowPassFilter.h */ = {isa = PBXFileReference; fileEncoding = 4; lastKnownFileType = sourcecode.c.h; path = DCAudioEffectLowPassFilter.h; sourceTree = "<group>"; };
		DFCFFD5D138A1EF200000840 /* DCAudioEffectLowPassFilter.m */ = {isa = PBXFileReference; fileEncoding = 4; lastKnownFileType = sourcecode.c.objc; path = DCAudioEffectLowPassFilter.m; sourceTree = "<group>"; };
		DFCFFD5F138A23FD00000840 /* DCAudioEffectMeter.h */ = {isa = PBXFileReference; fileEncoding = 4; lastKnownFileType = sourcecode.c.h; path = DCAudioEffectMeter.h; sourceTree = "<group>"; };
		DFCFFD60138A23FD00000840 /* DCAudioEffectMeter.m */ = {isa = PBXFileReference; fileEncoding = 4; lastKnownFileType = sourcecode.c.objc; path = DCAudioEffectMeter.m; sourceTree = "<group>"; };
		DFF3396E1361EDB8009C1C21 /* MediaPlayerDemo.app */ = {isa = PBXFileReference; explicitFileType = wrapper.application; includeInIndex = 0; path = MediaPlayerDemo.app; sourceTree = BUILT_PRODUCTS_DIR; };
		DFF339721361EDB9009C1C21 /* UIKit.framework */ = {isa = PBXFileReference; lastKnownFileType = wrapper.framework; name = UIKit.framework; path = System/Library/Frameworks/UIKit.framework; sourceTree = SDKROOT; };
		DFF339741361EDB9009C1C21 /* Foundation.framework */ = {isa = PBXFileReference; lastKnownFileType = wrapper.framework; name = Foundation.framework; path = System/Library/Frameworks/Foundation.framework; sourceTree = SDKROOT; };
		DFF339761361EDB9009C1C21 /* CoreGraphics.framework */ = {isa = PBXFileReference; lastKnownFileType = wrapper.framework; name = CoreGraphics.framework; path = System/Library/Frameworks/CoreGraphics.framework; sourceTree = SDKROOT; };
		DFF3397A1361EDB9009C1C21 /* MediaPlayerDemo-Info.plist */ = {isa = PBXFileReference; lastKnownFileType = text.plist.xml; path = "MediaPlayerDemo-Info.plist"; sourceTree = "<group>"; };
		DFF3397C1361EDB9009C1C21 /* en */ = {isa = PBXFileReference; lastKnownFileType = text.plist.strings; name = en; path = en.lproj/InfoPlist.strings; sourceTree = "<group>"; };
		DFF3397E1361EDB9009C1C21 /* MediaPlayerDemo-Prefix.pch */ = {isa = PBXFileReference; lastKnownFileType = sourcecode.c.h; path = "MediaPlayerDemo-Prefix.pch"; sourceTree = "<group>"; };
		DFF3397F1361EDB9009C1C21 /* main.m */ = {isa = PBXFileReference; lastKnownFileType = sourcecode.c.objc; path = main.m; sourceTree = "<group>"; };
		DFF339811361EDB9009C1C21 /* MediaPlayerDemoAppDelegate.h */ = {isa = PBXFileReference; lastKnownFileType = sourcecode.c.h; path = MediaPlayerDemoAppDelegate.h; sourceTree = "<group>"; };
		DFF339821361EDB9009C1C21 /* MediaPlayerDemoAppDelegate.m */ = {isa = PBXFileReference; lastKnownFileType = sourcecode.c.objc; path = MediaPlayerDemoAppDelegate.m; sourceTree = "<group>"; };
		DFF339851361EDB9009C1C21 /* en */ = {isa = PBXFileReference; lastKnownFileType = file.xib; name = en; path = en.lproj/MainWindow.xib; sourceTree = "<group>"; };
		DFF339871361EDB9009C1C21 /* MediaPlayerDemoViewController.h */ = {isa = PBXFileReference; lastKnownFileType = sourcecode.c.h; path = MediaPlayerDemoViewController.h; sourceTree = "<group>"; };
		DFF339881361EDB9009C1C21 /* MediaPlayerDemoViewController.m */ = {isa = PBXFileReference; lastKnownFileType = sourcecode.c.objc; path = MediaPlayerDemoViewController.m; sourceTree = "<group>"; };
		DFF3398B1361EDB9009C1C21 /* en */ = {isa = PBXFileReference; lastKnownFileType = file.xib; name = en; path = en.lproj/MediaPlayerDemoViewController.xib; sourceTree = "<group>"; };
		DFF339921361EDB9009C1C21 /* MediaPlayerDemoTests.octest */ = {isa = PBXFileReference; explicitFileType = wrapper.cfbundle; includeInIndex = 0; path = MediaPlayerDemoTests.octest; sourceTree = BUILT_PRODUCTS_DIR; };
		DFF3399A1361EDB9009C1C21 /* MediaPlayerDemoTests-Info.plist */ = {isa = PBXFileReference; lastKnownFileType = text.plist.xml; path = "MediaPlayerDemoTests-Info.plist"; sourceTree = "<group>"; };
		DFF3399C1361EDB9009C1C21 /* en */ = {isa = PBXFileReference; lastKnownFileType = text.plist.strings; name = en; path = en.lproj/InfoPlist.strings; sourceTree = "<group>"; };
		DFF3399E1361EDB9009C1C21 /* MediaPlayerDemoTests-Prefix.pch */ = {isa = PBXFileReference; lastKnownFileType = sourcecode.c.h; path = "MediaPlayerDemoTests-Prefix.pch"; sourceTree = "<group>"; };
		DFF3399F1361EDB9009C1C21 /* MediaPlayerDemoTests.h */ = {isa = PBXFileReference; lastKnownFileType = sourcecode.c.h; path = MediaPlayerDemoTests.h; sourceTree = "<group>"; };
		DFF339A11361EDB9009C1C21 /* MediaPlayerDemoTests.m */ = {isa = PBXFileReference; lastKnownFileType = sourcecode.c.objc; path = MediaPlayerDemoTests.m; sourceTree = "<group>"; };
		DFF339B21361EF74009C1C21 /* DCMediaPlayer.h */ = {isa = PBXFileReference; fileEncoding = 4; lastKnownFileType = sourcecode.c.h; path = DCMediaPlayer.h; sourceTree = "<group>"; };
		DFF339B31361EF74009C1C21 /* DCMediaPlayer.m */ = {isa = PBXFileReference; fileEncoding = 4; lastKnownFileType = sourcecode.c.objc; path = DCMediaPlayer.m; sourceTree = "<group>"; };
		DFF339B81361F1D8009C1C21 /* CoreMedia.framework */ = {isa = PBXFileReference; lastKnownFileType = wrapper.framework; name = CoreMedia.framework; path = System/Library/Frameworks/CoreMedia.framework; sourceTree = SDKROOT; };
		DFF339BA1361F1E1009C1C21 /* AudioToolbox.framework */ = {isa = PBXFileReference; lastKnownFileType = wrapper.framework; name = AudioToolbox.framework; path = System/Library/Frameworks/AudioToolbox.framework; sourceTree = SDKROOT; };
		DFF339BC1361F1EB009C1C21 /* AVFoundation.framework */ = {isa = PBXFileReference; lastKnownFileType = wrapper.framework; name = AVFoundation.framework; path = System/Library/Frameworks/AVFoundation.framework; sourceTree = SDKROOT; };
		DFF339BE1361F1F5009C1C21 /* MediaPlayer.framework */ = {isa = PBXFileReference; lastKnownFileType = wrapper.framework; name = MediaPlayer.framework; path = System/Library/Frameworks/MediaPlayer.framework; sourceTree = SDKROOT; };
		DFF339C01361F882009C1C21 /* choose-song-button.png */ = {isa = PBXFileReference; lastKnownFileType = image.png; path = "choose-song-button.png"; sourceTree = "<group>"; };
		DFF339C21361FADD009C1C21 /* no-art.png */ = {isa = PBXFileReference; lastKnownFileType = image.png; path = "no-art.png"; sourceTree = "<group>"; };
/* End PBXFileReference section */

/* Begin PBXFrameworksBuildPhase section */
		DFF3396B1361EDB8009C1C21 /* Frameworks */ = {
			isa = PBXFrameworksBuildPhase;
			buildActionMask = 2147483647;
			files = (
				DFF339BF1361F1F5009C1C21 /* MediaPlayer.framework in Frameworks */,
				DFF339BD1361F1EB009C1C21 /* AVFoundation.framework in Frameworks */,
				DFF339BB1361F1E1009C1C21 /* AudioToolbox.framework in Frameworks */,
				DFF339B91361F1D8009C1C21 /* CoreMedia.framework in Frameworks */,
				DFF339731361EDB9009C1C21 /* UIKit.framework in Frameworks */,
				DFF339751361EDB9009C1C21 /* Foundation.framework in Frameworks */,
				DFF339771361EDB9009C1C21 /* CoreGraphics.framework in Frameworks */,
			);
			runOnlyForDeploymentPostprocessing = 0;
		};
		DFF3398E1361EDB9009C1C21 /* Frameworks */ = {
			isa = PBXFrameworksBuildPhase;
			buildActionMask = 2147483647;
			files = (
				DFF339931361EDB9009C1C21 /* UIKit.framework in Frameworks */,
				DFF339941361EDB9009C1C21 /* Foundation.framework in Frameworks */,
				DFF339951361EDB9009C1C21 /* CoreGraphics.framework in Frameworks */,
			);
			runOnlyForDeploymentPostprocessing = 0;
		};
/* End PBXFrameworksBuildPhase section */

/* Begin PBXGroup section */
		DFCFFD5A138A1C2300000840 /* Utilities */ = {
			isa = PBXGroup;
			children = (
				DFCFFD54138A051300000840 /* DCRingBufferRecord.h */,
				DFCFFD55138A051300000840 /* DCRingBufferRecord.m */,
			);
			name = Utilities;
			sourceTree = "<group>";
		};
		DFCFFD5B138A1C3000000840 /* Effects */ = {
			isa = PBXGroup;
			children = (
				DFCFFD57138A1C1800000840 /* DCAudioEffect.h */,
				DFCFFD58138A1C1800000840 /* DCAudioEffect.m */,
				DFCFFD5C138A1EF200000840 /* DCAudioEffectLowPassFilter.h */,
				DFCFFD5D138A1EF200000840 /* DCAudioEffectLowPassFilter.m */,
				DFCFFD5F138A23FD00000840 /* DCAudioEffectMeter.h */,
				DFCFFD60138A23FD00000840 /* DCAudioEffectMeter.m */,
			);
			name = Effects;
			sourceTree = "<group>";
		};
		DFF339631361EDB8009C1C21 = {
			isa = PBXGroup;
			children = (
				DFF339C01361F882009C1C21 /* choose-song-button.png */,
				DFF339C21361FADD009C1C21 /* no-art.png */,
				DFF339781361EDB9009C1C21 /* MediaPlayerDemo */,
				DFF339981361EDB9009C1C21 /* MediaPlayerDemoTests */,
				DFF339711361EDB9009C1C21 /* Frameworks */,
				DFF3396F1361EDB8009C1C21 /* Products */,
			);
			sourceTree = "<group>";
		};
		DFF3396F1361EDB8009C1C21 /* Products */ = {
			isa = PBXGroup;
			children = (
				DFF3396E1361EDB8009C1C21 /* MediaPlayerDemo.app */,
				DFF339921361EDB9009C1C21 /* MediaPlayerDemoTests.octest */,
			);
			name = Products;
			sourceTree = "<group>";
		};
		DFF339711361EDB9009C1C21 /* Frameworks */ = {
			isa = PBXGroup;
			children = (
				DFF339BE1361F1F5009C1C21 /* MediaPlayer.framework */,
				DFF339BC1361F1EB009C1C21 /* AVFoundation.framework */,
				DFF339BA1361F1E1009C1C21 /* AudioToolbox.framework */,
				DFF339B81361F1D8009C1C21 /* CoreMedia.framework */,
				DFF339721361EDB9009C1C21 /* UIKit.framework */,
				DFF339741361EDB9009C1C21 /* Foundation.framework */,
				DFF339761361EDB9009C1C21 /* CoreGraphics.framework */,
			);
			name = Frameworks;
			sourceTree = "<group>";
		};
		DFF339781361EDB9009C1C21 /* MediaPlayerDemo */ = {
			isa = PBXGroup;
			children = (
				DFF339811361EDB9009C1C21 /* MediaPlayerDemoAppDelegate.h */,
				DFF339821361EDB9009C1C21 /* MediaPlayerDemoAppDelegate.m */,
				DFF339841361EDB9009C1C21 /* MainWindow.xib */,
				DFF339871361EDB9009C1C21 /* MediaPlayerDemoViewController.h */,
				DFF339881361EDB9009C1C21 /* MediaPlayerDemoViewController.m */,
				DFF3398A1361EDB9009C1C21 /* MediaPlayerDemoViewController.xib */,
				DFF339B21361EF74009C1C21 /* DCMediaPlayer.h */,
				DFF339B31361EF74009C1C21 /* DCMediaPlayer.m */,
				DF10EFB7138CC3000052F226 /* DCAudioProducer.h */,
				DF10EFB8138CC3000052F226 /* DCAudioProducer.m */,
				DFCFFD4D1389F94000000840 /* DCFileProducer.h */,
				DFCFFD4E1389F94000000840 /* DCFileProducer.m */,
				DF421DA21387182A00D18ADA /* DCMediaExporter.h */,
				DF421DA31387182B00D18ADA /* DCMediaExporter.m */,
				DFCFFD5B138A1C3000000840 /* Effects */,
				DFCFFD5A138A1C2300000840 /* Utilities */,
				DFF339791361EDB9009C1C21 /* Supporting Files */,
			);
			path = MediaPlayerDemo;
			sourceTree = "<group>";
		};
		DFF339791361EDB9009C1C21 /* Supporting Files */ = {
			isa = PBXGroup;
			children = (
				DFF3397A1361EDB9009C1C21 /* MediaPlayerDemo-Info.plist */,
				DFF3397B1361EDB9009C1C21 /* InfoPlist.strings */,
				DFF3397E1361EDB9009C1C21 /* MediaPlayerDemo-Prefix.pch */,
				DFF3397F1361EDB9009C1C21 /* main.m */,
			);
			name = "Supporting Files";
			sourceTree = "<group>";
		};
		DFF339981361EDB9009C1C21 /* MediaPlayerDemoTests */ = {
			isa = PBXGroup;
			children = (
				DFF3399F1361EDB9009C1C21 /* MediaPlayerDemoTests.h */,
				DFF339A11361EDB9009C1C21 /* MediaPlayerDemoTests.m */,
				DFF339991361EDB9009C1C21 /* Supporting Files */,
			);
			path = MediaPlayerDemoTests;
			sourceTree = "<group>";
		};
		DFF339991361EDB9009C1C21 /* Supporting Files */ = {
			isa = PBXGroup;
			children = (
				DFF3399A1361EDB9009C1C21 /* MediaPlayerDemoTests-Info.plist */,
				DFF3399B1361EDB9009C1C21 /* InfoPlist.strings */,
				DFF3399E1361EDB9009C1C21 /* MediaPlayerDemoTests-Prefix.pch */,
			);
			name = "Supporting Files";
			sourceTree = "<group>";
		};
/* End PBXGroup section */

/* Begin PBXNativeTarget section */
		DFF3396D1361EDB8009C1C21 /* MediaPlayerDemo */ = {
			isa = PBXNativeTarget;
			buildConfigurationList = DFF339A51361EDB9009C1C21 /* Build configuration list for PBXNativeTarget "MediaPlayerDemo" */;
			buildPhases = (
				DFF3396A1361EDB8009C1C21 /* Sources */,
				DFF3396B1361EDB8009C1C21 /* Frameworks */,
				DFF3396C1361EDB8009C1C21 /* Resources */,
			);
			buildRules = (
			);
			dependencies = (
			);
			name = MediaPlayerDemo;
			productName = MediaPlayerDemo;
			productReference = DFF3396E1361EDB8009C1C21 /* MediaPlayerDemo.app */;
			productType = "com.apple.product-type.application";
		};
		DFF339911361EDB9009C1C21 /* MediaPlayerDemoTests */ = {
			isa = PBXNativeTarget;
			buildConfigurationList = DFF339A81361EDB9009C1C21 /* Build configuration list for PBXNativeTarget "MediaPlayerDemoTests" */;
			buildPhases = (
				DFF3398D1361EDB9009C1C21 /* Sources */,
				DFF3398E1361EDB9009C1C21 /* Frameworks */,
				DFF3398F1361EDB9009C1C21 /* Resources */,
				DFF339901361EDB9009C1C21 /* ShellScript */,
			);
			buildRules = (
			);
			dependencies = (
				DFF339971361EDB9009C1C21 /* PBXTargetDependency */,
			);
			name = MediaPlayerDemoTests;
			productName = MediaPlayerDemoTests;
			productReference = DFF339921361EDB9009C1C21 /* MediaPlayerDemoTests.octest */;
			productType = "com.apple.product-type.bundle";
		};
/* End PBXNativeTarget section */

/* Begin PBXProject section */
		DFF339651361EDB8009C1C21 /* Project object */ = {
			isa = PBXProject;
			buildConfigurationList = DFF339681361EDB8009C1C21 /* Build configuration list for PBXProject "MediaPlayerDemo" */;
			compatibilityVersion = "Xcode 3.2";
			developmentRegion = English;
			hasScannedForEncodings = 0;
			knownRegions = (
				en,
			);
			mainGroup = DFF339631361EDB8009C1C21;
			productRefGroup = DFF3396F1361EDB8009C1C21 /* Products */;
			projectDirPath = "";
			projectRoot = "";
			targets = (
				DFF3396D1361EDB8009C1C21 /* MediaPlayerDemo */,
				DFF339911361EDB9009C1C21 /* MediaPlayerDemoTests */,
			);
		};
/* End PBXProject section */

/* Begin PBXResourcesBuildPhase section */
		DFF3396C1361EDB8009C1C21 /* Resources */ = {
			isa = PBXResourcesBuildPhase;
			buildActionMask = 2147483647;
			files = (
				DFF3397D1361EDB9009C1C21 /* InfoPlist.strings in Resources */,
				DFF339861361EDB9009C1C21 /* MainWindow.xib in Resources */,
				DFF3398C1361EDB9009C1C21 /* MediaPlayerDemoViewController.xib in Resources */,
				DFF339C11361F882009C1C21 /* choose-song-button.png in Resources */,
				DFF339C31361FADD009C1C21 /* no-art.png in Resources */,
			);
			runOnlyForDeploymentPostprocessing = 0;
		};
		DFF3398F1361EDB9009C1C21 /* Resources */ = {
			isa = PBXResourcesBuildPhase;
			buildActionMask = 2147483647;
			files = (
				DFF3399D1361EDB9009C1C21 /* InfoPlist.strings in Resources */,
				DFF339A01361EDB9009C1C21 /* MediaPlayerDemoTests.h in Resources */,
			);
			runOnlyForDeploymentPostprocessing = 0;
		};
/* End PBXResourcesBuildPhase section */

/* Begin PBXShellScriptBuildPhase section */
		DFF339901361EDB9009C1C21 /* ShellScript */ = {
			isa = PBXShellScriptBuildPhase;
			buildActionMask = 2147483647;
			files = (
			);
			inputPaths = (
			);
			outputPaths = (
			);
			runOnlyForDeploymentPostprocessing = 0;
			shellPath = /bin/sh;
			shellScript = "# Run the unit tests in this test bundle.\n\"${SYSTEM_DEVELOPER_DIR}/Tools/RunUnitTests\"\n";
		};
/* End PBXShellScriptBuildPhase section */

/* Begin PBXSourcesBuildPhase section */
		DFF3396A1361EDB8009C1C21 /* Sources */ = {
			isa = PBXSourcesBuildPhase;
			buildActionMask = 2147483647;
			files = (
				DFF339801361EDB9009C1C21 /* main.m in Sources */,
				DFF339831361EDB9009C1C21 /* MediaPlayerDemoAppDelegate.m in Sources */,
				DFF339891361EDB9009C1C21 /* MediaPlayerDemoViewController.m in Sources */,
				DFF339B41361EF74009C1C21 /* DCMediaPlayer.m in Sources */,
				DF421DA41387182B00D18ADA /* DCMediaExporter.m in Sources */,
				DFCFFD4F1389F94000000840 /* DCFileProducer.m in Sources */,
				DFCFFD56138A051300000840 /* DCRingBufferRecord.m in Sources */,
				DFCFFD59138A1C1800000840 /* DCAudioEffect.m in Sources */,
				DFCFFD5E138A1EF200000840 /* DCAudioEffectLowPassFilter.m in Sources */,
				DFCFFD61138A23FD00000840 /* DCAudioEffectMeter.m in Sources */,
				DF10EFB9138CC3000052F226 /* DCAudioProducer.m in Sources */,
			);
			runOnlyForDeploymentPostprocessing = 0;
		};
		DFF3398D1361EDB9009C1C21 /* Sources */ = {
			isa = PBXSourcesBuildPhase;
			buildActionMask = 2147483647;
			files = (
				DFF339A21361EDB9009C1C21 /* MediaPlayerDemoTests.m in Sources */,
			);
			runOnlyForDeploymentPostprocessing = 0;
		};
/* End PBXSourcesBuildPhase section */

/* Begin PBXTargetDependency section */
		DFF339971361EDB9009C1C21 /* PBXTargetDependency */ = {
			isa = PBXTargetDependency;
			target = DFF3396D1361EDB8009C1C21 /* MediaPlayerDemo */;
			targetProxy = DFF339961361EDB9009C1C21 /* PBXContainerItemProxy */;
		};
/* End PBXTargetDependency section */

/* Begin PBXVariantGroup section */
		DFF3397B1361EDB9009C1C21 /* InfoPlist.strings */ = {
			isa = PBXVariantGroup;
			children = (
				DFF3397C1361EDB9009C1C21 /* en */,
			);
			name = InfoPlist.strings;
			sourceTree = "<group>";
		};
		DFF339841361EDB9009C1C21 /* MainWindow.xib */ = {
			isa = PBXVariantGroup;
			children = (
				DFF339851361EDB9009C1C21 /* en */,
			);
			name = MainWindow.xib;
			sourceTree = "<group>";
		};
		DFF3398A1361EDB9009C1C21 /* MediaPlayerDemoViewController.xib */ = {
			isa = PBXVariantGroup;
			children = (
				DFF3398B1361EDB9009C1C21 /* en */,
			);
			name = MediaPlayerDemoViewController.xib;
			sourceTree = "<group>";
		};
		DFF3399B1361EDB9009C1C21 /* InfoPlist.strings */ = {
			isa = PBXVariantGroup;
			children = (
				DFF3399C1361EDB9009C1C21 /* en */,
			);
			name = InfoPlist.strings;
			sourceTree = "<group>";
		};
/* End PBXVariantGroup section */

/* Begin XCBuildConfiguration section */
		DFF339A31361EDB9009C1C21 /* Debug */ = {
			isa = XCBuildConfiguration;
			buildSettings = {
				ARCHS = "$(ARCHS_STANDARD_32_BIT)";
				"CODE_SIGN_IDENTITY[sdk=iphoneos*]" = "iPhone Developer";
				GCC_C_LANGUAGE_STANDARD = gnu99;
				GCC_OPTIMIZATION_LEVEL = 0;
				GCC_PREPROCESSOR_DEFINITIONS = DEBUG;
				GCC_SYMBOLS_PRIVATE_EXTERN = NO;
				GCC_VERSION = com.apple.compilers.llvmgcc42;
				GCC_WARN_ABOUT_RETURN_TYPE = YES;
				GCC_WARN_UNUSED_VARIABLE = YES;
				IPHONEOS_DEPLOYMENT_TARGET = 4.3;
				SDKROOT = iphoneos;
			};
			name = Debug;
		};
		DFF339A41361EDB9009C1C21 /* Release */ = {
			isa = XCBuildConfiguration;
			buildSettings = {
				ARCHS = "$(ARCHS_STANDARD_32_BIT)";
				"CODE_SIGN_IDENTITY[sdk=iphoneos*]" = "iPhone Developer";
				GCC_C_LANGUAGE_STANDARD = gnu99;
				GCC_VERSION = com.apple.compilers.llvmgcc42;
				GCC_WARN_ABOUT_RETURN_TYPE = YES;
				GCC_WARN_UNUSED_VARIABLE = YES;
				IPHONEOS_DEPLOYMENT_TARGET = 4.3;
				OTHER_CFLAGS = "-DNS_BLOCK_ASSERTIONS=1";
				SDKROOT = iphoneos;
			};
			name = Release;
		};
		DFF339A61361EDB9009C1C21 /* Debug */ = {
			isa = XCBuildConfiguration;
			buildSettings = {
				ALWAYS_SEARCH_USER_PATHS = NO;
				CODE_SIGN_IDENTITY = "iPhone Developer";
				COPY_PHASE_STRIP = NO;
				GCC_DYNAMIC_NO_PIC = NO;
				GCC_PRECOMPILE_PREFIX_HEADER = YES;
				GCC_PREFIX_HEADER = "MediaPlayerDemo/MediaPlayerDemo-Prefix.pch";
				INFOPLIST_FILE = "MediaPlayerDemo/MediaPlayerDemo-Info.plist";
				PRODUCT_NAME = "$(TARGET_NAME)";
				PROVISIONING_PROFILE = "";
				WRAPPER_EXTENSION = app;
			};
			name = Debug;
		};
		DFF339A71361EDB9009C1C21 /* Release */ = {
			isa = XCBuildConfiguration;
			buildSettings = {
				ALWAYS_SEARCH_USER_PATHS = NO;
				CODE_SIGN_IDENTITY = "iPhone Developer";
				COPY_PHASE_STRIP = YES;
				GCC_PRECOMPILE_PREFIX_HEADER = YES;
				GCC_PREFIX_HEADER = "MediaPlayerDemo/MediaPlayerDemo-Prefix.pch";
				INFOPLIST_FILE = "MediaPlayerDemo/MediaPlayerDemo-Info.plist";
				PRODUCT_NAME = "$(TARGET_NAME)";
				PROVISIONING_PROFILE = "";
				VALIDATE_PRODUCT = YES;
				WRAPPER_EXTENSION = app;
			};
			name = Release;
		};
		DFF339A91361EDB9009C1C21 /* Debug */ = {
			isa = XCBuildConfiguration;
			buildSettings = {
				ALWAYS_SEARCH_USER_PATHS = NO;
				BUNDLE_LOADER = "$(BUILT_PRODUCTS_DIR)/MediaPlayerDemo.app/MediaPlayerDemo";
				FRAMEWORK_SEARCH_PATHS = (
					"$(SDKROOT)/Developer/Library/Frameworks",
					"$(DEVELOPER_LIBRARY_DIR)/Frameworks",
				);
				GCC_PRECOMPILE_PREFIX_HEADER = YES;
				GCC_PREFIX_HEADER = "MediaPlayerDemoTests/MediaPlayerDemoTests-Prefix.pch";
				INFOPLIST_FILE = "MediaPlayerDemoTests/MediaPlayerDemoTests-Info.plist";
				OTHER_LDFLAGS = (
					"-framework",
					SenTestingKit,
				);
				PRODUCT_NAME = "$(TARGET_NAME)";
				TEST_HOST = "$(BUNDLE_LOADER)";
				WRAPPER_EXTENSION = octest;
			};
			name = Debug;
		};
		DFF339AA1361EDB9009C1C21 /* Release */ = {
			isa = XCBuildConfiguration;
			buildSettings = {
				ALWAYS_SEARCH_USER_PATHS = NO;
				BUNDLE_LOADER = "$(BUILT_PRODUCTS_DIR)/MediaPlayerDemo.app/MediaPlayerDemo";
				FRAMEWORK_SEARCH_PATHS = (
					"$(SDKROOT)/Developer/Library/Frameworks",
					"$(DEVELOPER_LIBRARY_DIR)/Frameworks",
				);
				GCC_PRECOMPILE_PREFIX_HEADER = YES;
				GCC_PREFIX_HEADER = "MediaPlayerDemoTests/MediaPlayerDemoTests-Prefix.pch";
				INFOPLIST_FILE = "MediaPlayerDemoTests/MediaPlayerDemoTests-Info.plist";
				OTHER_LDFLAGS = (
					"-framework",
					SenTestingKit,
				);
				PRODUCT_NAME = "$(TARGET_NAME)";
				TEST_HOST = "$(BUNDLE_LOADER)";
				WRAPPER_EXTENSION = octest;
			};
			name = Release;
		};
/* End XCBuildConfiguration section */

/* Begin XCConfigurationList section */
		DFF339681361EDB8009C1C21 /* Build configuration list for PBXProject "MediaPlayerDemo" */ = {
			isa = XCConfigurationList;
			buildConfigurations = (
				DFF339A31361EDB9009C1C21 /* Debug */,
				DFF339A41361EDB9009C1C21 /* Release */,
			);
			defaultConfigurationIsVisible = 0;
			defaultConfigurationName = Release;
		};
		DFF339A51361EDB9009C1C21 /* Build configuration list for PBXNativeTarget "MediaPlayerDemo" */ = {
			isa = XCConfigurationList;
			buildConfigurations = (
				DFF339A61361EDB9009C1C21 /* Debug */,
				DFF339A71361EDB9009C1C21 /* Release */,
			);
			defaultConfigurationIsVisible = 0;
			defaultConfigurationName = Release;
		};
		DFF339A81361EDB9009C1C21 /* Build configuration list for PBXNativeTarget "MediaPlayerDemoTests" */ = {
			isa = XCConfigurationList;
			buildConfigurations = (
				DFF339A91361EDB9009C1C21 /* Debug */,
				DFF339AA1361EDB9009C1C21 /* Release */,
			);
			defaultConfigurationIsVisible = 0;
			defaultConfigurationName = Release;
		};
/* End XCConfigurationList section */
	};
	rootObject = DFF339651361EDB8009C1C21 /* Project object */;
}
